
Microsoft Visual Studio Solution File, Format Version 12.00
# Visual Studio Version 17
VisualStudioVersion = 17.2.32630.192
MinimumVisualStudioVersion = 10.0.40219.1
Project("{FAE04EC0-301F-11D3-BF4B-00C04F79EFBC}") = "appSqlWpfLogisticCompany", "appSqlWpfLogisticCompany\appSqlWpfLogisticCompany.csproj", "{7B01C3C1-BE0F-4C7D-BC10-FEA41036DB4C}"
EndProject
Global
	GlobalSection(SolutionConfigurationPlatforms) = preSolution
		Debug|Any CPU = Debug|Any CPU
		Release|Any CPU = Release|Any CPU
	EndGlobalSection
	GlobalSection(ProjectConfigurationPlatforms) = postSolution
		{7B01C3C1-BE0F-4C7D-BC10-FEA41036DB4C}.Debug|Any CPU.ActiveCfg = Debug|Any CPU
		{7B01C3C1-BE0F-4C7D-BC10-FEA41036DB4C}.Debug|Any CPU.Build.0 = Debug|Any CPU
		{7B01C3C1-BE0F-4C7D-BC10-FEA41036DB4C}.Release|Any CPU.ActiveCfg = Release|Any CPU
		{7B01C3C1-BE0F-4C7D-BC10-FEA41036DB4C}.Release|Any CPU.Build.0 = Release|Any CPU
	EndGlobalSection
	GlobalSection(SolutionProperties) = preSolution
		HideSolutionNode = FALSE
	EndGlobalSection
	GlobalSection(ExtensibilityGlobals) = postSolution
		SolutionGuid = {8000EDC7-A493-4EB5-96CB-7BDF2A7D9405}
	EndGlobalSection
EndGlobal
